// !$*UTF8*$!
{
	archiveVersion = 1;
	classes = {
	};
	objectVersion = 52;
	objects = {

/* Begin PBXBuildFile section */
		CE0AEBB826A31E0400BA2429 /* LargePhotoCollectionViewCell.swift in Sources */ = {isa = PBXBuildFile; fileRef = CE0AEBB726A31E0400BA2429 /* LargePhotoCollectionViewCell.swift */; };
		CE0AEBBC26A3244000BA2429 /* UIImageView+extension.swift in Sources */ = {isa = PBXBuildFile; fileRef = CE0AEBBB26A3244000BA2429 /* UIImageView+extension.swift */; };
		CE19213226A2B19600F4EB2F /* AlbumPhotosView.swift in Sources */ = {isa = PBXBuildFile; fileRef = CE19213126A2B19600F4EB2F /* AlbumPhotosView.swift */; };
		CE19213626A2B1CB00F4EB2F /* AlbumPhotosPresenter.swift in Sources */ = {isa = PBXBuildFile; fileRef = CE19213526A2B1CB00F4EB2F /* AlbumPhotosPresenter.swift */; };
		CE19213B26A2B69A00F4EB2F /* AlbumPhotosCollectionViewCell.swift in Sources */ = {isa = PBXBuildFile; fileRef = CE19213A26A2B69A00F4EB2F /* AlbumPhotosCollectionViewCell.swift */; };
		CE19213E26A2BC9800F4EB2F /* PhotoView.swift in Sources */ = {isa = PBXBuildFile; fileRef = CE19213D26A2BC9800F4EB2F /* PhotoView.swift */; };
		CE1DCB0D26A4158D00FCA215 /* String+extension.swift in Sources */ = {isa = PBXBuildFile; fileRef = CE1DCB0C26A4158D00FCA215 /* String+extension.swift */; };
		CE1DCB1626A42FE900FCA215 /* Main.storyboard in Resources */ = {isa = PBXBuildFile; fileRef = CE1DCB1526A42FE900FCA215 /* Main.storyboard */; };
		CE1DCB1A26A45EA800FCA215 /* Album.swift in Sources */ = {isa = PBXBuildFile; fileRef = CE1DCB1926A45EA800FCA215 /* Album.swift */; };
		CE1DCB1E26A45EB000FCA215 /* Photo.swift in Sources */ = {isa = PBXBuildFile; fileRef = CE1DCB1D26A45EB000FCA215 /* Photo.swift */; };
		CE36D5EA26A22938003EC351 /* AppDelegate.swift in Sources */ = {isa = PBXBuildFile; fileRef = CE36D5E926A22938003EC351 /* AppDelegate.swift */; };
		CE36D5EC26A22938003EC351 /* SceneDelegate.swift in Sources */ = {isa = PBXBuildFile; fileRef = CE36D5EB26A22938003EC351 /* SceneDelegate.swift */; };
		CE36D5F326A2293A003EC351 /* Assets.xcassets in Resources */ = {isa = PBXBuildFile; fileRef = CE36D5F226A2293A003EC351 /* Assets.xcassets */; };
		CE36D5F626A2293A003EC351 /* LaunchScreen.storyboard in Resources */ = {isa = PBXBuildFile; fileRef = CE36D5F426A2293A003EC351 /* LaunchScreen.storyboard */; };
		CE36D60126A22965003EC351 /* AlbumsView.swift in Sources */ = {isa = PBXBuildFile; fileRef = CE36D60026A22965003EC351 /* AlbumsView.swift */; };
		CE36D60526A22A22003EC351 /* AlbumCollectionViewCell.swift in Sources */ = {isa = PBXBuildFile; fileRef = CE36D60426A22A22003EC351 /* AlbumCollectionViewCell.swift */; };
		CE36D60A26A2385D003EC351 /* Kingfisher in Frameworks */ = {isa = PBXBuildFile; productRef = CE36D60926A2385D003EC351 /* Kingfisher */; };
		CE36D60F26A23876003EC351 /* APIClient.swift in Sources */ = {isa = PBXBuildFile; fileRef = CE36D60E26A23876003EC351 /* APIClient.swift */; };
		CE36D61226A23A80003EC351 /* AlbumsPresenter.swift in Sources */ = {isa = PBXBuildFile; fileRef = CE36D61126A23A80003EC351 /* AlbumsPresenter.swift */; };
/* End PBXBuildFile section */

/* Begin PBXFileReference section */
		CE0AEBB726A31E0400BA2429 /* LargePhotoCollectionViewCell.swift */ = {isa = PBXFileReference; lastKnownFileType = sourcecode.swift; path = LargePhotoCollectionViewCell.swift; sourceTree = "<group>"; };
		CE0AEBBB26A3244000BA2429 /* UIImageView+extension.swift */ = {isa = PBXFileReference; lastKnownFileType = sourcecode.swift; path = "UIImageView+extension.swift"; sourceTree = "<group>"; };
		CE19213126A2B19600F4EB2F /* AlbumPhotosView.swift */ = {isa = PBXFileReference; lastKnownFileType = sourcecode.swift; path = AlbumPhotosView.swift; sourceTree = "<group>"; };
		CE19213526A2B1CB00F4EB2F /* AlbumPhotosPresenter.swift */ = {isa = PBXFileReference; lastKnownFileType = sourcecode.swift; path = AlbumPhotosPresenter.swift; sourceTree = "<group>"; };
		CE19213A26A2B69A00F4EB2F /* AlbumPhotosCollectionViewCell.swift */ = {isa = PBXFileReference; lastKnownFileType = sourcecode.swift; path = AlbumPhotosCollectionViewCell.swift; sourceTree = "<group>"; };
		CE19213D26A2BC9800F4EB2F /* PhotoView.swift */ = {isa = PBXFileReference; lastKnownFileType = sourcecode.swift; path = PhotoView.swift; sourceTree = "<group>"; };
		CE1DCB0C26A4158D00FCA215 /* String+extension.swift */ = {isa = PBXFileReference; lastKnownFileType = sourcecode.swift; path = "String+extension.swift"; sourceTree = "<group>"; };
		CE1DCB1526A42FE900FCA215 /* Main.storyboard */ = {isa = PBXFileReference; fileEncoding = 4; lastKnownFileType = file.storyboard; path = Main.storyboard; sourceTree = "<group>"; };
		CE1DCB1926A45EA800FCA215 /* Album.swift */ = {isa = PBXFileReference; lastKnownFileType = sourcecode.swift; path = Album.swift; sourceTree = "<group>"; };
		CE1DCB1D26A45EB000FCA215 /* Photo.swift */ = {isa = PBXFileReference; lastKnownFileType = sourcecode.swift; path = Photo.swift; sourceTree = "<group>"; };
		CE36D5E626A22938003EC351 /* AlbumsApp.app */ = {isa = PBXFileReference; explicitFileType = wrapper.application; includeInIndex = 0; path = AlbumsApp.app; sourceTree = BUILT_PRODUCTS_DIR; };
		CE36D5E926A22938003EC351 /* AppDelegate.swift */ = {isa = PBXFileReference; lastKnownFileType = sourcecode.swift; path = AppDelegate.swift; sourceTree = "<group>"; };
		CE36D5EB26A22938003EC351 /* SceneDelegate.swift */ = {isa = PBXFileReference; lastKnownFileType = sourcecode.swift; path = SceneDelegate.swift; sourceTree = "<group>"; };
		CE36D5F226A2293A003EC351 /* Assets.xcassets */ = {isa = PBXFileReference; lastKnownFileType = folder.assetcatalog; path = Assets.xcassets; sourceTree = "<group>"; };
		CE36D5F526A2293A003EC351 /* Base */ = {isa = PBXFileReference; lastKnownFileType = file.storyboard; name = Base; path = Base.lproj/LaunchScreen.storyboard; sourceTree = "<group>"; };
		CE36D5F726A2293A003EC351 /* Info.plist */ = {isa = PBXFileReference; lastKnownFileType = text.plist.xml; path = Info.plist; sourceTree = "<group>"; };
		CE36D60026A22965003EC351 /* AlbumsView.swift */ = {isa = PBXFileReference; lastKnownFileType = sourcecode.swift; path = AlbumsView.swift; sourceTree = "<group>"; };
		CE36D60426A22A22003EC351 /* AlbumCollectionViewCell.swift */ = {isa = PBXFileReference; lastKnownFileType = sourcecode.swift; path = AlbumCollectionViewCell.swift; sourceTree = "<group>"; };
		CE36D60E26A23876003EC351 /* APIClient.swift */ = {isa = PBXFileReference; lastKnownFileType = sourcecode.swift; path = APIClient.swift; sourceTree = "<group>"; };
		CE36D61126A23A80003EC351 /* AlbumsPresenter.swift */ = {isa = PBXFileReference; lastKnownFileType = sourcecode.swift; path = AlbumsPresenter.swift; sourceTree = "<group>"; };
/* End PBXFileReference section */

/* Begin PBXFrameworksBuildPhase section */
		CE36D5E326A22938003EC351 /* Frameworks */ = {
			isa = PBXFrameworksBuildPhase;
			buildActionMask = 2147483647;
			files = (
				CE36D60A26A2385D003EC351 /* Kingfisher in Frameworks */,
			);
			runOnlyForDeploymentPostprocessing = 0;
		};
/* End PBXFrameworksBuildPhase section */

/* Begin PBXGroup section */
		CE0AEBBA26A3243000BA2429 /* Extensions */ = {
			isa = PBXGroup;
			children = (
				CE0AEBBB26A3244000BA2429 /* UIImageView+extension.swift */,
				CE1DCB0C26A4158D00FCA215 /* String+extension.swift */,
			);
			path = Extensions;
			sourceTree = "<group>";
		};
		CE19213026A2B17F00F4EB2F /* Photos */ = {
			isa = PBXGroup;
			children = (
				CE19213826A2B58500F4EB2F /* UICollectionViewCells */,
				CE19213126A2B19600F4EB2F /* AlbumPhotosView.swift */,
				CE19213526A2B1CB00F4EB2F /* AlbumPhotosPresenter.swift */,
				CE19213D26A2BC9800F4EB2F /* PhotoView.swift */,
			);
			path = Photos;
			sourceTree = "<group>";
		};
		CE19213826A2B58500F4EB2F /* UICollectionViewCells */ = {
			isa = PBXGroup;
			children = (
				CE19213A26A2B69A00F4EB2F /* AlbumPhotosCollectionViewCell.swift */,
				CE0AEBB726A31E0400BA2429 /* LargePhotoCollectionViewCell.swift */,
			);
			path = UICollectionViewCells;
			sourceTree = "<group>";
		};
		CE1DCB1826A45E9600FCA215 /* Models */ = {
			isa = PBXGroup;
			children = (
				CE1DCB1926A45EA800FCA215 /* Album.swift */,
				CE1DCB1D26A45EB000FCA215 /* Photo.swift */,
			);
			path = Models;
			sourceTree = "<group>";
		};
		CE36D5DD26A22938003EC351 = {
			isa = PBXGroup;
			children = (
				CE36D5E826A22938003EC351 /* AlbumsApp */,
				CE36D5E726A22938003EC351 /* Products */,
			);
			sourceTree = "<group>";
		};
		CE36D5E726A22938003EC351 /* Products */ = {
			isa = PBXGroup;
			children = (
				CE36D5E626A22938003EC351 /* AlbumsApp.app */,
			);
			name = Products;
			sourceTree = "<group>";
		};
		CE36D5E826A22938003EC351 /* AlbumsApp */ = {
			isa = PBXGroup;
			children = (
				CE0AEBBA26A3243000BA2429 /* Extensions */,
				CE19213026A2B17F00F4EB2F /* Photos */,
				CEEF1D4126A23EA700D16ED0 /* Albums */,
				CE36D60C26A23863003EC351 /* API */,
				CE36D5E926A22938003EC351 /* AppDelegate.swift */,
				CE1DCB1526A42FE900FCA215 /* Main.storyboard */,
				CE36D5EB26A22938003EC351 /* SceneDelegate.swift */,
				CE36D5F226A2293A003EC351 /* Assets.xcassets */,
				CE36D5F426A2293A003EC351 /* LaunchScreen.storyboard */,
				CE36D5F726A2293A003EC351 /* Info.plist */,
			);
			path = AlbumsApp;
			sourceTree = "<group>";
		};
		CE36D60326A22A0C003EC351 /* UICollectionViewCells */ = {
			isa = PBXGroup;
			children = (
				CE36D60426A22A22003EC351 /* AlbumCollectionViewCell.swift */,
			);
			path = UICollectionViewCells;
			sourceTree = "<group>";
		};
		CE36D60C26A23863003EC351 /* API */ = {
			isa = PBXGroup;
			children = (
				CE1DCB1826A45E9600FCA215 /* Models */,
				CE36D60E26A23876003EC351 /* APIClient.swift */,
			);
			path = API;
			sourceTree = "<group>";
		};
		CEEF1D4126A23EA700D16ED0 /* Albums */ = {
			isa = PBXGroup;
			children = (
				CE36D60326A22A0C003EC351 /* UICollectionViewCells */,
				CE36D60026A22965003EC351 /* AlbumsView.swift */,
				CE36D61126A23A80003EC351 /* AlbumsPresenter.swift */,
			);
			path = Albums;
			sourceTree = "<group>";
		};
/* End PBXGroup section */

/* Begin PBXNativeTarget section */
		CE36D5E526A22938003EC351 /* AlbumsApp */ = {
			isa = PBXNativeTarget;
			buildConfigurationList = CE36D5FA26A2293A003EC351 /* Build configuration list for PBXNativeTarget "AlbumsApp" */;
			buildPhases = (
				CE36D5E226A22938003EC351 /* Sources */,
				CE36D5E326A22938003EC351 /* Frameworks */,
				CE36D5E426A22938003EC351 /* Resources */,
			);
			buildRules = (
			);
			dependencies = (
			);
			name = AlbumsApp;
			packageProductDependencies = (
				CE36D60926A2385D003EC351 /* Kingfisher */,
			);
			productName = AlbumsApp;
			productReference = CE36D5E626A22938003EC351 /* AlbumsApp.app */;
			productType = "com.apple.product-type.application";
		};
/* End PBXNativeTarget section */

/* Begin PBXProject section */
		CE36D5DE26A22938003EC351 /* Project object */ = {
			isa = PBXProject;
			attributes = {
				LastSwiftUpdateCheck = 1240;
				LastUpgradeCheck = 1240;
				TargetAttributes = {
					CE36D5E526A22938003EC351 = {
						CreatedOnToolsVersion = 12.4;
					};
				};
			};
			buildConfigurationList = CE36D5E126A22938003EC351 /* Build configuration list for PBXProject "AlbumsApp" */;
			compatibilityVersion = "Xcode 9.3";
			developmentRegion = en;
			hasScannedForEncodings = 0;
			knownRegions = (
				en,
				Base,
			);
			mainGroup = CE36D5DD26A22938003EC351;
			packageReferences = (
				CE36D60826A2385D003EC351 /* XCRemoteSwiftPackageReference "Kingfisher" */,
			);
			productRefGroup = CE36D5E726A22938003EC351 /* Products */;
			projectDirPath = "";
			projectRoot = "";
			targets = (
				CE36D5E526A22938003EC351 /* AlbumsApp */,
			);
		};
/* End PBXProject section */

/* Begin PBXResourcesBuildPhase section */
		CE36D5E426A22938003EC351 /* Resources */ = {
			isa = PBXResourcesBuildPhase;
			buildActionMask = 2147483647;
			files = (
				CE1DCB1626A42FE900FCA215 /* Main.storyboard in Resources */,
				CE36D5F626A2293A003EC351 /* LaunchScreen.storyboard in Resources */,
				CE36D5F326A2293A003EC351 /* Assets.xcassets in Resources */,
			);
			runOnlyForDeploymentPostprocessing = 0;
		};
/* End PBXResourcesBuildPhase section */

/* Begin PBXSourcesBuildPhase section */
		CE36D5E226A22938003EC351 /* Sources */ = {
			isa = PBXSourcesBuildPhase;
			buildActionMask = 2147483647;
			files = (
				CE19213226A2B19600F4EB2F /* AlbumPhotosView.swift in Sources */,
				CE36D61226A23A80003EC351 /* AlbumsPresenter.swift in Sources */,
				CE36D5EA26A22938003EC351 /* AppDelegate.swift in Sources */,
				CE19213E26A2BC9800F4EB2F /* PhotoView.swift in Sources */,
				CE19213626A2B1CB00F4EB2F /* AlbumPhotosPresenter.swift in Sources */,
				CE1DCB1A26A45EA800FCA215 /* Album.swift in Sources */,
				CE19213B26A2B69A00F4EB2F /* AlbumPhotosCollectionViewCell.swift in Sources */,
				CE36D60126A22965003EC351 /* AlbumsView.swift in Sources */,
				CE0AEBB826A31E0400BA2429 /* LargePhotoCollectionViewCell.swift in Sources */,
				CE1DCB1E26A45EB000FCA215 /* Photo.swift in Sources */,
				CE36D5EC26A22938003EC351 /* SceneDelegate.swift in Sources */,
				CE36D60526A22A22003EC351 /* AlbumCollectionViewCell.swift in Sources */,
				CE0AEBBC26A3244000BA2429 /* UIImageView+extension.swift in Sources */,
				CE36D60F26A23876003EC351 /* APIClient.swift in Sources */,
				CE1DCB0D26A4158D00FCA215 /* String+extension.swift in Sources */,
			);
			runOnlyForDeploymentPostprocessing = 0;
		};
/* End PBXSourcesBuildPhase section */

/* Begin PBXVariantGroup section */
		CE36D5F426A2293A003EC351 /* LaunchScreen.storyboard */ = {
			isa = PBXVariantGroup;
			children = (
				CE36D5F526A2293A003EC351 /* Base */,
			);
			name = LaunchScreen.storyboard;
			sourceTree = "<group>";
		};
/* End PBXVariantGroup section */

/* Begin XCBuildConfiguration section */
		CE36D5F826A2293A003EC351 /* Debug */ = {
			isa = XCBuildConfiguration;
			buildSettings = {
				ALWAYS_SEARCH_USER_PATHS = NO;
				CLANG_ANALYZER_NONNULL = YES;
				CLANG_ANALYZER_NUMBER_OBJECT_CONVERSION = YES_AGGRESSIVE;
				CLANG_CXX_LANGUAGE_STANDARD = "gnu++14";
				CLANG_CXX_LIBRARY = "libc++";
				CLANG_ENABLE_MODULES = YES;
				CLANG_ENABLE_OBJC_ARC = YES;
				CLANG_ENABLE_OBJC_WEAK = YES;
				CLANG_WARN_BLOCK_CAPTURE_AUTORELEASING = YES;
				CLANG_WARN_BOOL_CONVERSION = YES;
				CLANG_WARN_COMMA = YES;
				CLANG_WARN_CONSTANT_CONVERSION = YES;
				CLANG_WARN_DEPRECATED_OBJC_IMPLEMENTATIONS = YES;
				CLANG_WARN_DIRECT_OBJC_ISA_USAGE = YES_ERROR;
				CLANG_WARN_DOCUMENTATION_COMMENTS = YES;
				CLANG_WARN_EMPTY_BODY = YES;
				CLANG_WARN_ENUM_CONVERSION = YES;
				CLANG_WARN_INFINITE_RECURSION = YES;
				CLANG_WARN_INT_CONVERSION = YES;
				CLANG_WARN_NON_LITERAL_NULL_CONVERSION = YES;
				CLANG_WARN_OBJC_IMPLICIT_RETAIN_SELF = YES;
				CLANG_WARN_OBJC_LITERAL_CONVERSION = YES;
				CLANG_WARN_OBJC_ROOT_CLASS = YES_ERROR;
				CLANG_WARN_QUOTED_INCLUDE_IN_FRAMEWORK_HEADER = YES;
				CLANG_WARN_RANGE_LOOP_ANALYSIS = YES;
				CLANG_WARN_STRICT_PROTOTYPES = YES;
				CLANG_WARN_SUSPICIOUS_MOVE = YES;
				CLANG_WARN_UNGUARDED_AVAILABILITY = YES_AGGRESSIVE;
				CLANG_WARN_UNREACHABLE_CODE = YES;
				CLANG_WARN__DUPLICATE_METHOD_MATCH = YES;
				COPY_PHASE_STRIP = NO;
				DEBUG_INFORMATION_FORMAT = dwarf;
				ENABLE_STRICT_OBJC_MSGSEND = YES;
				ENABLE_TESTABILITY = YES;
				GCC_C_LANGUAGE_STANDARD = gnu11;
				GCC_DYNAMIC_NO_PIC = NO;
				GCC_NO_COMMON_BLOCKS = YES;
				GCC_OPTIMIZATION_LEVEL = 0;
				GCC_PREPROCESSOR_DEFINITIONS = (
					"DEBUG=1",
					"$(inherited)",
				);
				GCC_WARN_64_TO_32_BIT_CONVERSION = YES;
				GCC_WARN_ABOUT_RETURN_TYPE = YES_ERROR;
				GCC_WARN_UNDECLARED_SELECTOR = YES;
				GCC_WARN_UNINITIALIZED_AUTOS = YES_AGGRESSIVE;
				GCC_WARN_UNUSED_FUNCTION = YES;
				GCC_WARN_UNUSED_VARIABLE = YES;
				IPHONEOS_DEPLOYMENT_TARGET = 14.4;
				MTL_ENABLE_DEBUG_INFO = INCLUDE_SOURCE;
				MTL_FAST_MATH = YES;
				ONLY_ACTIVE_ARCH = YES;
				SDKROOT = iphoneos;
				SWIFT_ACTIVE_COMPILATION_CONDITIONS = DEBUG;
				SWIFT_OPTIMIZATION_LEVEL = "-Onone";
			};
			name = Debug;
		};
		CE36D5F926A2293A003EC351 /* Release */ = {
			isa = XCBuildConfiguration;
			buildSettings = {
				ALWAYS_SEARCH_USER_PATHS = NO;
				CLANG_ANALYZER_NONNULL = YES;
				CLANG_ANALYZER_NUMBER_OBJECT_CONVERSION = YES_AGGRESSIVE;
				CLANG_CXX_LANGUAGE_STANDARD = "gnu++14";
				CLANG_CXX_LIBRARY = "libc++";
				CLANG_ENABLE_MODULES = YES;
				CLANG_ENABLE_OBJC_ARC = YES;
				CLANG_ENABLE_OBJC_WEAK = YES;
				CLANG_WARN_BLOCK_CAPTURE_AUTORELEASING = YES;
				CLANG_WARN_BOOL_CONVERSION = YES;
				CLANG_WARN_COMMA = YES;
				CLANG_WARN_CONSTANT_CONVERSION = YES;
				CLANG_WARN_DEPRECATED_OBJC_IMPLEMENTATIONS = YES;
				CLANG_WARN_DIRECT_OBJC_ISA_USAGE = YES_ERROR;
				CLANG_WARN_DOCUMENTATION_COMMENTS = YES;
				CLANG_WARN_EMPTY_BODY = YES;
				CLANG_WARN_ENUM_CONVERSION = YES;
				CLANG_WARN_INFINITE_RECURSION = YES;
				CLANG_WARN_INT_CONVERSION = YES;
				CLANG_WARN_NON_LITERAL_NULL_CONVERSION = YES;
				CLANG_WARN_OBJC_IMPLICIT_RETAIN_SELF = YES;
				CLANG_WARN_OBJC_LITERAL_CONVERSION = YES;
				CLANG_WARN_OBJC_ROOT_CLASS = YES_ERROR;
				CLANG_WARN_QUOTED_INCLUDE_IN_FRAMEWORK_HEADER = YES;
				CLANG_WARN_RANGE_LOOP_ANALYSIS = YES;
				CLANG_WARN_STRICT_PROTOTYPES = YES;
				CLANG_WARN_SUSPICIOUS_MOVE = YES;
				CLANG_WARN_UNGUARDED_AVAILABILITY = YES_AGGRESSIVE;
				CLANG_WARN_UNREACHABLE_CODE = YES;
				CLANG_WARN__DUPLICATE_METHOD_MATCH = YES;
				COPY_PHASE_STRIP = NO;
				DEBUG_INFORMATION_FORMAT = "dwarf-with-dsym";
				ENABLE_NS_ASSERTIONS = NO;
				ENABLE_STRICT_OBJC_MSGSEND = YES;
				GCC_C_LANGUAGE_STANDARD = gnu11;
				GCC_NO_COMMON_BLOCKS = YES;
				GCC_WARN_64_TO_32_BIT_CONVERSION = YES;
				GCC_WARN_ABOUT_RETURN_TYPE = YES_ERROR;
				GCC_WARN_UNDECLARED_SELECTOR = YES;
				GCC_WARN_UNINITIALIZED_AUTOS = YES_AGGRESSIVE;
				GCC_WARN_UNUSED_FUNCTION = YES;
				GCC_WARN_UNUSED_VARIABLE = YES;
				IPHONEOS_DEPLOYMENT_TARGET = 14.4;
				MTL_ENABLE_DEBUG_INFO = NO;
				MTL_FAST_MATH = YES;
				SDKROOT = iphoneos;
				SWIFT_COMPILATION_MODE = wholemodule;
				SWIFT_OPTIMIZATION_LEVEL = "-O";
				VALIDATE_PRODUCT = YES;
			};
			name = Release;
		};
		CE36D5FB26A2293A003EC351 /* Debug */ = {
			isa = XCBuildConfiguration;
			buildSettings = {
				ASSETCATALOG_COMPILER_APPICON_NAME = AppIcon;
				ASSETCATALOG_COMPILER_GLOBAL_ACCENT_COLOR_NAME = AccentColor;
				CODE_SIGN_STYLE = Automatic;
				DEVELOPMENT_TEAM = AZ6AJS99FZ;
				INFOPLIST_FILE = AlbumsApp/Info.plist;
				LD_RUNPATH_SEARCH_PATHS = (
					"$(inherited)",
					"@executable_path/Frameworks",
				);
				PRODUCT_BUNDLE_IDENTIFIER = temporaryorganization.AlbumsApp;
				PRODUCT_NAME = "$(TARGET_NAME)";
				SWIFT_VERSION = 5.0;
				TARGETED_DEVICE_FAMILY = "1,2";
			};
			name = Debug;
		};
		CE36D5FC26A2293A003EC351 /* Release */ = {
			isa = XCBuildConfiguration;
			buildSettings = {
				ASSETCATALOG_COMPILER_APPICON_NAME = AppIcon;
				ASSETCATALOG_COMPILER_GLOBAL_ACCENT_COLOR_NAME = AccentColor;
				CODE_SIGN_STYLE = Automatic;
				DEVELOPMENT_TEAM = AZ6AJS99FZ;
				INFOPLIST_FILE = AlbumsApp/Info.plist;
				LD_RUNPATH_SEARCH_PATHS = (
					"$(inherited)",
					"@executable_path/Frameworks",
				);
				PRODUCT_BUNDLE_IDENTIFIER = temporaryorganization.AlbumsApp;
				PRODUCT_NAME = "$(TARGET_NAME)";
				SWIFT_VERSION = 5.0;
				TARGETED_DEVICE_FAMILY = "1,2";
			};
			name = Release;
		};
/* End XCBuildConfiguration section */

/* Begin XCConfigurationList section */
		CE36D5E126A22938003EC351 /* Build configuration list for PBXProject "AlbumsApp" */ = {
			isa = XCConfigurationList;
			buildConfigurations = (
				CE36D5F826A2293A003EC351 /* Debug */,
				CE36D5F926A2293A003EC351 /* Release */,
			);
			defaultConfigurationIsVisible = 0;
			defaultConfigurationName = Release;
		};
		CE36D5FA26A2293A003EC351 /* Build configuration list for PBXNativeTarget "AlbumsApp" */ = {
			isa = XCConfigurationList;
			buildConfigurations = (
				CE36D5FB26A2293A003EC351 /* Debug */,
				CE36D5FC26A2293A003EC351 /* Release */,
			);
			defaultConfigurationIsVisible = 0;
			defaultConfigurationName = Release;
		};
/* End XCConfigurationList section */

/* Begin XCRemoteSwiftPackageReference section */
		CE36D60826A2385D003EC351 /* XCRemoteSwiftPackageReference "Kingfisher" */ = {
			isa = XCRemoteSwiftPackageReference;
			repositoryURL = "https://github.com/onevcat/Kingfisher";
			requirement = {
				kind = upToNextMajorVersion;
				minimumVersion = 6.3.0;
			};
		};
/* End XCRemoteSwiftPackageReference section */

/* Begin XCSwiftPackageProductDependency section */
		CE36D60926A2385D003EC351 /* Kingfisher */ = {
			isa = XCSwiftPackageProductDependency;
			package = CE36D60826A2385D003EC351 /* XCRemoteSwiftPackageReference "Kingfisher" */;
			productName = Kingfisher;
		};
/* End XCSwiftPackageProductDependency section */
	};
	rootObject = CE36D5DE26A22938003EC351 /* Project object */;
}
